<Solution>
  <Folder Name="/Aspire/">
    <Project Path="Aspire/Aspire.Defaults/Aspire.Defaults.csproj" />
    <Project Path="Aspire/Aspire.Host/Aspire.Host.csproj" />
  </Folder>
  <Folder Name="/Website/">
    <Project Path="Website/Website.Client/Website.Client.csproj" />
    <Project Path="Website/Website.Gateway/Website.Gateway.csproj" />
  </Folder>
</Solution>
